lockfileVersion: 5.4

specifiers:
  datatables.net-buttons: 1.7.1
  datatables.net-buttons-bs4: 1.7.1
  urijs: 1.19.7

dependencies:
  datatables.net-buttons: 1.7.1
  datatables.net-buttons-bs4: 1.7.1
  urijs: 1.19.7

packages:

  /datatables.net-bs4/1.10.20:
    resolution: {integrity: sha512-kQmMUMsHMOlAW96ztdoFqjSbLnlGZQ63iIM82kHbmldsfYdzuyhbb4hTx6YNBi481WCO3iPSvI6YodNec46ZAw==}
    dependencies:
      datatables.net: 1.10.20
      jquery: 3.6.0
    dev: false

  /datatables.net-buttons-bs4/1.7.1:
    resolution: {integrity: sha512-s+fwsgAAWp7mOKwuztPH06kaw2JNAJ71VNTw/TqGQTL6BK9FshweDKZSRIB/ePcc/Psiy8fhNEj3XHxx4OO6BA==}
    dependencies:
      datatables.net-bs4: 1.10.20
      datatables.net-buttons: 1.7.1
      jquery: 3.6.0
    dev: false

  /datatables.net-buttons/1.7.1:
    resolution: {integrity: sha512-D2OxZeR18jhSx+l0xcfAJzfUH7l3LHCu0e606fV7+v3hMhphOfljjZYLaiRmGiR9lqO/f5xE/w2a+OtG/QMavw==}
    dependencies:
      datatables.net: 1.11.5
      jquery: 3.6.0
    dev: false

  /datatables.net/1.10.20:
    resolution: {integrity: sha512-4E4S7tTU607N3h0fZPkGmAtr9mwy462u+VJ6gxYZ8MxcRIjZqHy3Dv1GNry7i3zQCktTdWbULVKBbkAJkuHEnQ==}
    dependencies:
      jquery: 3.6.0
    dev: false

  /datatables.net/1.11.5:
    resolution: {integrity: sha512-nlFst2xfwSWaQgaOg5sXVG3cxYC0tH8E8d65289w9ROgF2TmLULOOpcdMpyxxUim/qEwVSEem42RjkTWEpr3eA==}
    dependencies:
      jquery: 3.6.0
    dev: false

  /jquery/3.6.0:
    resolution: {integrity: sha512-JVzAR/AjBvVt2BmYhxRCSYysDsPcssdmTFnzyLEts9qNwmjmu4JTAMYubEfwVOSwpQ1I1sKKFcxhZCI2buerfw==}
    dev: false

  /urijs/1.19.7:
    resolution: {integrity: sha512-Id+IKjdU0Hx+7Zx717jwLPsPeUqz7rAtuVBRLLs+qn+J2nf9NGITWVCxcijgYxBqe83C7sqsQPs6H1pyz3x9gA==}
    dev: false
