lockfileVersion: '6.0'

settings:
  autoInstallPeers: true
  excludeLinksFromLockfile: false

dependencies:
  datatables.net:
    specifier: 2.3.4
    version: 2.3.4
  datatables.net-bs5:
    specifier: 2.3.4
    version: 2.3.4
  datatables.net-buttons:
    specifier: 3.2.5
    version: 3.2.5
  datatables.net-buttons-bs5:
    specifier: 3.2.5
    version: 3.2.5
  urijs:
    specifier: 1.19.11
    version: 1.19.11

packages:

  /datatables.net-bs5@2.3.4:
    resolution: {integrity: sha512-OSoPWhNfiU71VjNP604uTmFRxiX32U7SCW0KRZ2X6z3ZYbIwjjoWcMEjjPWOH3uOqaI0OTDBgOgOs5G28VaJog==}
    dependencies:
      datatables.net: 2.3.4
      jquery: 3.6.0
    dev: false

  /datatables.net-buttons-bs5@3.2.5:
    resolution: {integrity: sha512-3eT/Sd90x7imq9MRcKP9X3j70qg/u+OvtZSNWJEihRf1Mb/Sr8NexQw/Bag/ui6GJHa5dhUeFrOgBSKtEW70iA==}
    dependencies:
      datatables.net-bs5: 2.3.4
      datatables.net-buttons: 3.2.5
      jquery: 3.6.0
    dev: false

  /datatables.net-buttons@3.2.5:
    resolution: {integrity: sha512-OSTl7evbfe0SMee11lyzu5iv/z8Yp05eh3s1QBte/FNqHcoXN8hlAVSSGpYgk5pj8zwHPYIu6fHeMEue4ARUNg==}
    dependencies:
      datatables.net: 2.3.4
      jquery: 3.6.0
    dev: false

  /datatables.net@2.3.4:
    resolution: {integrity: sha512-fKuRlrBIdpAl2uIFgl9enKecHB41QmFd/2nN9LBbOvItV/JalAxLcyqdZXex7wX4ZXjnJQEnv6xeS9veOpKzSw==}
    dependencies:
      jquery: 3.6.0
    dev: false

  /jquery@3.6.0:
    resolution: {integrity: sha512-JVzAR/AjBvVt2BmYhxRCSYysDsPcssdmTFnzyLEts9qNwmjmu4JTAMYubEfwVOSwpQ1I1sKKFcxhZCI2buerfw==}
    dev: false

  /urijs@1.19.11:
    resolution: {integrity: sha512-HXgFDgDommxn5/bIv0cnQZsPhHDA90NPHD6+c/v21U5+Sx5hoP8+dP9IZXBU1gIfvdRfhG8cel9QNPeionfcCQ==}
    dev: false
